{
  "name": "scalajs-vite-example",
  "version": "0.1.0-SNAPSHOT",
  "lockfileVersion": 3,
  "requires": true,
  "packages": {
    "": {
      "name": "scalajs-vite-example",
      "version": "0.1.0-SNAPSHOT",
      "license": "MIT",
      "dependencies": {
        "@scala-js/vite-plugin-scalajs": "^1.0.0",
        "@ui5/webcomponents": "^1.10.0",
        "@ui5/webcomponents-fiori": "^1.10.0",
        "@ui5/webcomponents-icons": "^1.10.0",
        "vite": "^4.1.0"
      }
    },
    "node_modules/@esbuild/android-arm": {
      "version": "0.18.12",
      "resolved": "https://registry.npmjs.org/@esbuild/android-arm/-/android-arm-0.18.12.tgz",
      "integrity": "sha512-LIxaNIQfkFZbTLb4+cX7dozHlAbAshhFE5PKdro0l+FnCpx1GDJaQ2WMcqm+ToXKMt8p8Uojk/MFRuGyz3V5Sw==",
      "cpu": [
        "arm"
      ],
      "optional": true,
      "os": [
        "android"
      ],
      "engines": {
        "node": ">=12"
      }
    },
    "node_modules/@esbuild/android-arm64": {
      "version": "0.18.12",
      "resolved": "https://registry.npmjs.org/@esbuild/android-arm64/-/android-arm64-0.18.12.tgz",
      "integrity": "sha512-BMAlczRqC/LUt2P97E4apTBbkvS9JTJnp2DKFbCwpZ8vBvXVbNdqmvzW/OsdtI/+mGr+apkkpqGM8WecLkPgrA==",
      "cpu": [
        "arm64"
      ],
      "optional": true,
      "os": [
        "android"
      ],
      "engines": {
        "node": ">=12"
      }
    },
    "node_modules/@esbuild/android-x64": {
      "version": "0.18.12",
      "resolved": "https://registry.npmjs.org/@esbuild/android-x64/-/android-x64-0.18.12.tgz",
      "integrity": "sha512-zU5MyluNsykf5cOJ0LZZZjgAHbhPJ1cWfdH1ZXVMXxVMhEV0VZiZXQdwBBVvmvbF28EizeK7obG9fs+fpmS0eQ==",
      "cpu": [
        "x64"
      ],
      "optional": true,
      "os": [
        "android"
      ],
      "engines": {
        "node": ">=12"
      }
    },
    "node_modules/@esbuild/darwin-arm64": {
      "version": "0.18.12",
      "resolved": "https://registry.npmjs.org/@esbuild/darwin-arm64/-/darwin-arm64-0.18.12.tgz",
      "integrity": "sha512-zUZMep7YONnp6954QOOwEBwFX9svlKd3ov6PkxKd53LGTHsp/gy7vHaPGhhjBmEpqXEXShi6dddjIkmd+NgMsA==",
      "cpu": [
        "arm64"
      ],
      "optional": true,
      "os": [
        "darwin"
      ],
      "engines": {
        "node": ">=12"
      }
    },
    "node_modules/@esbuild/darwin-x64": {
      "version": "0.18.12",
      "resolved": "https://registry.npmjs.org/@esbuild/darwin-x64/-/darwin-x64-0.18.12.tgz",
      "integrity": "sha512-ohqLPc7i67yunArPj1+/FeeJ7AgwAjHqKZ512ADk3WsE3FHU9l+m5aa7NdxXr0HmN1bjDlUslBjWNbFlD9y12Q==",
      "cpu": [
        "x64"
      ],
      "optional": true,
      "os": [
        "darwin"
      ],
      "engines": {
        "node": ">=12"
      }
    },
    "node_modules/@esbuild/freebsd-arm64": {
      "version": "0.18.12",
      "resolved": "https://registry.npmjs.org/@esbuild/freebsd-arm64/-/freebsd-arm64-0.18.12.tgz",
      "integrity": "sha512-GIIHtQXqgeOOqdG16a/A9N28GpkvjJnjYMhOnXVbn3EDJcoItdR58v/pGN31CHjyXDc8uCcRnFWmqaJt24AYJg==",
      "cpu": [
        "arm64"
      ],
      "optional": true,
      "os": [
        "freebsd"
      ],
      "engines": {
        "node": ">=12"
      }
    },
    "node_modules/@esbuild/freebsd-x64": {
      "version": "0.18.12",
      "resolved": "https://registry.npmjs.org/@esbuild/freebsd-x64/-/freebsd-x64-0.18.12.tgz",
      "integrity": "sha512-zK0b9a1/0wZY+6FdOS3BpZcPc1kcx2G5yxxfEJtEUzVxI6n/FrC2Phsxj/YblPuBchhBZ/1wwn7AyEBUyNSa6g==",
      "cpu": [
        "x64"
      ],
      "optional": true,
      "os": [
        "freebsd"
      ],
      "engines": {
        "node": ">=12"
      }
    },
    "node_modules/@esbuild/linux-arm": {
      "version": "0.18.12",
      "resolved": "https://registry.npmjs.org/@esbuild/linux-arm/-/linux-arm-0.18.12.tgz",
      "integrity": "sha512-y75OijvrBE/1XRrXq1jtrJfG26eHeMoqLJ2dwQNwviwTuTtHGCojsDO6BJNF8gU+3jTn1KzJEMETytwsFSvc+Q==",
      "cpu": [
        "arm"
      ],
      "optional": true,
      "os": [
        "linux"
      ],
      "engines": {
        "node": ">=12"
      }
    },
    "node_modules/@esbuild/linux-arm64": {
      "version": "0.18.12",
      "resolved": "https://registry.npmjs.org/@esbuild/linux-arm64/-/linux-arm64-0.18.12.tgz",
      "integrity": "sha512-JKgG8Q/LL/9sw/iHHxQyVMoQYu3rU3+a5Z87DxC+wAu3engz+EmctIrV+FGOgI6gWG1z1+5nDDbXiRMGQZXqiw==",
      "cpu": [
        "arm64"
      ],
      "optional": true,
      "os": [
        "linux"
      ],
      "engines": {
        "node": ">=12"
      }
    },
    "node_modules/@esbuild/linux-ia32": {
      "version": "0.18.12",
      "resolved": "https://registry.npmjs.org/@esbuild/linux-ia32/-/linux-ia32-0.18.12.tgz",
      "integrity": "sha512-yoRIAqc0B4lDIAAEFEIu9ttTRFV84iuAl0KNCN6MhKLxNPfzwCBvEMgwco2f71GxmpBcTtn7KdErueZaM2rEvw==",
      "cpu": [
        "ia32"
      ],
      "optional": true,
      "os": [
        "linux"
      ],
      "engines": {
        "node": ">=12"
      }
    },
    "node_modules/@esbuild/linux-loong64": {
      "version": "0.18.12",
      "resolved": "https://registry.npmjs.org/@esbuild/linux-loong64/-/linux-loong64-0.18.12.tgz",
      "integrity": "sha512-qYgt3dHPVvf/MgbIBpJ4Sup/yb9DAopZ3a2JgMpNKIHUpOdnJ2eHBo/aQdnd8dJ21X/+sS58wxHtA9lEazYtXQ==",
      "cpu": [
        "loong64"
      ],
      "optional": true,
      "os": [
        "linux"
      ],
      "engines": {
        "node": ">=12"
      }
    },
    "node_modules/@esbuild/linux-mips64el": {
      "version": "0.18.12",
      "resolved": "https://registry.npmjs.org/@esbuild/linux-mips64el/-/linux-mips64el-0.18.12.tgz",
      "integrity": "sha512-wHphlMLK4ufNOONqukELfVIbnGQJrHJ/mxZMMrP2jYrPgCRZhOtf0kC4yAXBwnfmULimV1qt5UJJOw4Kh13Yfg==",
      "cpu": [
        "mips64el"
      ],
      "optional": true,
      "os": [
        "linux"
      ],
      "engines": {
        "node": ">=12"
      }
    },
    "node_modules/@esbuild/linux-ppc64": {
      "version": "0.18.12",
      "resolved": "https://registry.npmjs.org/@esbuild/linux-ppc64/-/linux-ppc64-0.18.12.tgz",
      "integrity": "sha512-TeN//1Ft20ZZW41+zDSdOI/Os1bEq5dbvBvYkberB7PHABbRcsteeoNVZFlI0YLpGdlBqohEpjrn06kv8heCJg==",
      "cpu": [
        "ppc64"
      ],
      "optional": true,
      "os": [
        "linux"
      ],
      "engines": {
        "node": ">=12"
      }
    },
    "node_modules/@esbuild/linux-riscv64": {
      "version": "0.18.12",
      "resolved": "https://registry.npmjs.org/@esbuild/linux-riscv64/-/linux-riscv64-0.18.12.tgz",
      "integrity": "sha512-AgUebVS4DoAblBgiB2ACQ/8l4eGE5aWBb8ZXtkXHiET9mbj7GuWt3OnsIW/zX+XHJt2RYJZctbQ2S/mDjbp0UA==",
      "cpu": [
        "riscv64"
      ],
      "optional": true,
      "os": [
        "linux"
      ],
      "engines": {
        "node": ">=12"
      }
    },
    "node_modules/@esbuild/linux-s390x": {
      "version": "0.18.12",
      "resolved": "https://registry.npmjs.org/@esbuild/linux-s390x/-/linux-s390x-0.18.12.tgz",
      "integrity": "sha512-dJ3Rb3Ei2u/ysSXd6pzleGtfDdc2MuzKt8qc6ls8vreP1G3B7HInX3i7gXS4BGeVd24pp0yqyS7bJ5NHaI9ing==",
      "cpu": [
        "s390x"
      ],
      "optional": true,
      "os": [
        "linux"
      ],
      "engines": {
        "node": ">=12"
      }
    },
    "node_modules/@esbuild/linux-x64": {
      "version": "0.18.12",
      "resolved": "https://registry.npmjs.org/@esbuild/linux-x64/-/linux-x64-0.18.12.tgz",
      "integrity": "sha512-OrNJMGQbPaVyHHcDF8ybNSwu7TDOfX8NGpXCbetwOSP6txOJiWlgQnRymfC9ocR1S0Y5PW0Wb1mV6pUddqmvmQ==",
      "cpu": [
        "x64"
      ],
      "optional": true,
      "os": [
        "linux"
      ],
      "engines": {
        "node": ">=12"
      }
    },
    "node_modules/@esbuild/netbsd-x64": {
      "version": "0.18.12",
      "resolved": "https://registry.npmjs.org/@esbuild/netbsd-x64/-/netbsd-x64-0.18.12.tgz",
      "integrity": "sha512-55FzVCAiwE9FK8wWeCRuvjazNRJ1QqLCYGZVB6E8RuQuTeStSwotpSW4xoRGwp3a1wUsaVCdYcj5LGCASVJmMg==",
      "cpu": [
        "x64"
      ],
      "optional": true,
      "os": [
        "netbsd"
      ],
      "engines": {
        "node": ">=12"
      }
    },
    "node_modules/@esbuild/openbsd-x64": {
      "version": "0.18.12",
      "resolved": "https://registry.npmjs.org/@esbuild/openbsd-x64/-/openbsd-x64-0.18.12.tgz",
      "integrity": "sha512-qnluf8rfb6Y5Lw2tirfK2quZOBbVqmwxut7GPCIJsM8lc4AEUj9L8y0YPdLaPK0TECt4IdyBdBD/KRFKorlK3g==",
      "cpu": [
        "x64"
      ],
      "optional": true,
      "os": [
        "openbsd"
      ],
      "engines": {
        "node": ">=12"
      }
    },
    "node_modules/@esbuild/sunos-x64": {
      "version": "0.18.12",
      "resolved": "https://registry.npmjs.org/@esbuild/sunos-x64/-/sunos-x64-0.18.12.tgz",
      "integrity": "sha512-+RkKpVQR7bICjTOPUpkTBTaJ4TFqQBX5Ywyd/HSdDkQGn65VPkTsR/pL4AMvuMWy+wnXgIl4EY6q4mVpJal8Kg==",
      "cpu": [
        "x64"
      ],
      "optional": true,
      "os": [
        "sunos"
      ],
      "engines": {
        "node": ">=12"
      }
    },
    "node_modules/@esbuild/win32-arm64": {
      "version": "0.18.12",
      "resolved": "https://registry.npmjs.org/@esbuild/win32-arm64/-/win32-arm64-0.18.12.tgz",
      "integrity": "sha512-GNHuciv0mFM7ouzsU0+AwY+7eV4Mgo5WnbhfDCQGtpvOtD1vbOiRjPYG6dhmMoFyBjj+pNqQu2X+7DKn0KQ/Gw==",
      "cpu": [
        "arm64"
      ],
      "optional": true,
      "os": [
        "win32"
      ],
      "engines": {
        "node": ">=12"
      }
    },
    "node_modules/@esbuild/win32-ia32": {
      "version": "0.18.12",
      "resolved": "https://registry.npmjs.org/@esbuild/win32-ia32/-/win32-ia32-0.18.12.tgz",
      "integrity": "sha512-kR8cezhYipbbypGkaqCTWIeu4zID17gamC8YTPXYtcN3E5BhhtTnwKBn9I0PJur/T6UVwIEGYzkffNL0lFvxEw==",
      "cpu": [
        "ia32"
      ],
      "optional": true,
      "os": [
        "win32"
      ],
      "engines": {
        "node": ">=12"
      }
    },
    "node_modules/@esbuild/win32-x64": {
      "version": "0.18.12",
      "resolved": "https://registry.npmjs.org/@esbuild/win32-x64/-/win32-x64-0.18.12.tgz",
      "integrity": "sha512-O0UYQVkvfM/jO8a4OwoV0mAKSJw+mjWTAd1MJd/1FCX6uiMdLmMRPK/w6e9OQ0ob2WGxzIm9va/KG0Ja4zIOgg==",
      "cpu": [
        "x64"
      ],
      "optional": true,
      "os": [
        "win32"
      ],
      "engines": {
        "node": ">=12"
      }
    },
    "node_modules/@sap-theming/theming-base-content": {
      "version": "11.1.48",
      "resolved": "https://registry.npmjs.org/@sap-theming/theming-base-content/-/theming-base-content-11.1.48.tgz",
      "integrity": "sha512-Q2rMoEN+6tjnfbhlQ2a+WybhAWj/0RuhWUb3vSzI/iwCkGPGtz3k8HhtU1jtmAPjRCiJQSEmiE2HMv3Av/7Y7Q=="
    },
    "node_modules/@scala-js/vite-plugin-scalajs": {
      "version": "1.0.0",
      "resolved": "https://registry.npmjs.org/@scala-js/vite-plugin-scalajs/-/vite-plugin-scalajs-1.0.0.tgz",
      "integrity": "sha512-QqeOXFWiwZyl4LrtAg7ZMeoShVWTD+4qcmuv0M7QNCu8QYzf+h3ysozbmyWYJKVpxJYMLnuSZZSiygD8Tzh+eg==",
      "dependencies": {
        "vite": "^4.1.4"
      }
    },
    "node_modules/@types/trusted-types": {
      "version": "2.0.3",
      "resolved": "https://registry.npmjs.org/@types/trusted-types/-/trusted-types-2.0.3.tgz",
      "integrity": "sha512-NfQ4gyz38SL8sDNrSixxU2Os1a5xcdFxipAFxYEuLUlvU2uDwS4NUpsImcf1//SlWItCVMMLiylsxbmNMToV/g=="
    },
    "node_modules/@ui5/webcomponents": {
      "version": "1.10.0",
      "resolved": "https://registry.npmjs.org/@ui5/webcomponents/-/webcomponents-1.10.0.tgz",
      "integrity": "sha512-ltuF/UAl+BguXTA8DAPgrZkYCv/z8YEOIiPGul3bvzPKew5AflWuQOlf1b3TMYiHiZbBshe2vIE/mnsDf+iqoA==",
      "dependencies": {
        "@ui5/webcomponents-base": "1.10.0",
        "@ui5/webcomponents-icons": "1.10.0",
        "@ui5/webcomponents-localization": "1.10.0",
        "@ui5/webcomponents-theming": "1.10.0"
      }
    },
    "node_modules/@ui5/webcomponents-base": {
      "version": "1.10.0",
      "resolved": "https://registry.npmjs.org/@ui5/webcomponents-base/-/webcomponents-base-1.10.0.tgz",
      "integrity": "sha512-LUmdlD9LS3yEvu6+7RXZUecNB5otlxlQclZlDsDQqNoiIXphu26Vu6cyXYyWQqpxqb+IpUVc8pTHSX+yoD2xAA==",
      "dependencies": {
        "lit-html": "^2.0.1"
      }
    },
    "node_modules/@ui5/webcomponents-fiori": {
      "version": "1.10.0",
      "resolved": "https://registry.npmjs.org/@ui5/webcomponents-fiori/-/webcomponents-fiori-1.10.0.tgz",
      "integrity": "sha512-ECaAhDbwz/Ks7wwKWa6lL3XefF4BTvTzbRKz/bdaJrA8Hyzs0aYzNbz+AGwrZXYAeXlHvAnrufHW2GbhkXnjbw==",
      "dependencies": {
        "@ui5/webcomponents": "1.10.0",
        "@ui5/webcomponents-base": "1.10.0",
        "@ui5/webcomponents-icons": "1.10.0",
        "@ui5/webcomponents-theming": "1.10.0",
        "@zxing/library": "^0.17.1"
      }
    },
    "node_modules/@ui5/webcomponents-icons": {
      "version": "1.10.0",
      "resolved": "https://registry.npmjs.org/@ui5/webcomponents-icons/-/webcomponents-icons-1.10.0.tgz",
      "integrity": "sha512-CKsRg0iXAcM1wvodz/1Ho2Y2M/I/TOV9wjqfsuEfHr6nnOdIsJkchTSfUzmppIOxFCsmejprlU0gukARhWV2Gg==",
      "dependencies": {
        "@ui5/webcomponents-base": "1.10.0"
      }
    },
    "node_modules/@ui5/webcomponents-localization": {
      "version": "1.10.0",
      "resolved": "https://registry.npmjs.org/@ui5/webcomponents-localization/-/webcomponents-localization-1.10.0.tgz",
      "integrity": "sha512-jSlIC9+OD6BzIDo/ZlqoNXFWw/QF7Ji3emavMAc0NfgoB+tsHDXdJSILfQ8MBFqdCKLPkTv+8PMpHBKSPTqx4g==",
      "dependencies": {
        "@ui5/webcomponents-base": "1.10.0"
      }
    },
    "node_modules/@ui5/webcomponents-theming": {
      "version": "1.10.0",
      "resolved": "https://registry.npmjs.org/@ui5/webcomponents-theming/-/webcomponents-theming-1.10.0.tgz",
      "integrity": "sha512-+yCFyqeDt3CdYg4PtdoqZSsZoSW2KvzbqdIXa0q5e49CANXeEq4xfS95iwROYIOniokDavB1qiSolTQJrymGcw==",
      "dependencies": {
        "@sap-theming/theming-base-content": "11.1.48",
        "@ui5/webcomponents-base": "1.10.0"
      }
    },
    "node_modules/@zxing/library": {
      "version": "0.17.1",
      "resolved": "https://registry.npmjs.org/@zxing/library/-/library-0.17.1.tgz",
      "integrity": "sha512-RuiBZuteGaFXCle/b0X+g3peN8UpDc3pGe/J7hZBzKWaMZLbjensR7ja3vy47xWhXU4e8MICGqegPMxc2V2sow==",
      "dependencies": {
        "ts-custom-error": "^3.0.0"
      },
      "engines": {
        "node": ">= 10.4.0"
      },
      "optionalDependencies": {
        "@zxing/text-encoding": "~0.9.0"
      }
    },
    "node_modules/@zxing/text-encoding": {
      "version": "0.9.0",
      "resolved": "https://registry.npmjs.org/@zxing/text-encoding/-/text-encoding-0.9.0.tgz",
      "integrity": "sha512-U/4aVJ2mxI0aDNI8Uq0wEhMgY+u4CNtEb0om3+y3+niDAsoTCOB33UF0sxpzqzdqXLqmvc+vZyAt4O8pPdfkwA==",
      "optional": true
    },
    "node_modules/esbuild": {
      "version": "0.18.12",
      "resolved": "https://registry.npmjs.org/esbuild/-/esbuild-0.18.12.tgz",
      "integrity": "sha512-XuOVLDdtsDslXStStduT41op21Ytmf4/BDS46aa3xPJ7X5h2eMWBF1oAe3QjUH3bDksocNXgzGUZ7XHIBya6Tg==",
      "hasInstallScript": true,
      "bin": {
        "esbuild": "bin/esbuild"
      },
      "engines": {
        "node": ">=12"
      },
      "optionalDependencies": {
        "@esbuild/android-arm": "0.18.12",
        "@esbuild/android-arm64": "0.18.12",
        "@esbuild/android-x64": "0.18.12",
        "@esbuild/darwin-arm64": "0.18.12",
        "@esbuild/darwin-x64": "0.18.12",
        "@esbuild/freebsd-arm64": "0.18.12",
        "@esbuild/freebsd-x64": "0.18.12",
        "@esbuild/linux-arm": "0.18.12",
        "@esbuild/linux-arm64": "0.18.12",
        "@esbuild/linux-ia32": "0.18.12",
        "@esbuild/linux-loong64": "0.18.12",
        "@esbuild/linux-mips64el": "0.18.12",
        "@esbuild/linux-ppc64": "0.18.12",
        "@esbuild/linux-riscv64": "0.18.12",
        "@esbuild/linux-s390x": "0.18.12",
        "@esbuild/linux-x64": "0.18.12",
        "@esbuild/netbsd-x64": "0.18.12",
        "@esbuild/openbsd-x64": "0.18.12",
        "@esbuild/sunos-x64": "0.18.12",
        "@esbuild/win32-arm64": "0.18.12",
        "@esbuild/win32-ia32": "0.18.12",
        "@esbuild/win32-x64": "0.18.12"
      }
    },
    "node_modules/fsevents": {
      "version": "2.3.2",
      "resolved": "https://registry.npmjs.org/fsevents/-/fsevents-2.3.2.tgz",
      "integrity": "sha512-xiqMQR4xAeHTuB9uWm+fFRcIOgKBMiOBP+eXiyT7jsgVCq1bkVygt00oASowB7EdtpOHaaPgKt812P9ab+DDKA==",
      "hasInstallScript": true,
      "optional": true,
      "os": [
        "darwin"
      ],
      "engines": {
        "node": "^8.16.0 || ^10.6.0 || >=11.0.0"
      }
    },
    "node_modules/lit-html": {
      "version": "2.7.5",
      "resolved": "https://registry.npmjs.org/lit-html/-/lit-html-2.7.5.tgz",
      "integrity": "sha512-YqUzpisJodwKIlbMFCtyrp58oLloKGnnPLMJ1t23cbfIJjg/H9pvLWK4XS69YeubK5HUs1UE4ys9w5dP1zg6IA==",
      "dependencies": {
        "@types/trusted-types": "^2.0.2"
      }
    },
    "node_modules/nanoid": {
      "version": "3.3.6",
      "resolved": "https://registry.npmjs.org/nanoid/-/nanoid-3.3.6.tgz",
      "integrity": "sha512-BGcqMMJuToF7i1rt+2PWSNVnWIkGCU78jBG3RxO/bZlnZPK2Cmi2QaffxGO/2RvWi9sL+FAiRiXMgsyxQ1DIDA==",
      "funding": [
        {
          "type": "github",
          "url": "https://github.com/sponsors/ai"
        }
      ],
      "bin": {
        "nanoid": "bin/nanoid.cjs"
      },
      "engines": {
        "node": "^10 || ^12 || ^13.7 || ^14 || >=15.0.1"
      }
    },
    "node_modules/picocolors": {
      "version": "1.0.0",
      "resolved": "https://registry.npmjs.org/picocolors/-/picocolors-1.0.0.tgz",
      "integrity": "sha512-1fygroTLlHu66zi26VoTDv8yRgm0Fccecssto+MhsZ0D/DGW2sm8E8AjW7NU5VVTRt5GxbeZ5qBuJr+HyLYkjQ=="
    },
    "node_modules/postcss": {
      "version": "8.4.26",
      "resolved": "https://registry.npmjs.org/postcss/-/postcss-8.4.26.tgz",
      "integrity": "sha512-jrXHFF8iTloAenySjM/ob3gSj7pCu0Ji49hnjqzsgSRa50hkWCKD0HQ+gMNJkW38jBI68MpAAg7ZWwHwX8NMMw==",
      "funding": [
        {
          "type": "opencollective",
          "url": "https://opencollective.com/postcss/"
        },
        {
          "type": "tidelift",
          "url": "https://tidelift.com/funding/github/npm/postcss"
        },
        {
          "type": "github",
          "url": "https://github.com/sponsors/ai"
        }
      ],
      "dependencies": {
        "nanoid": "^3.3.6",
        "picocolors": "^1.0.0",
        "source-map-js": "^1.0.2"
      },
      "engines": {
        "node": "^10 || ^12 || >=14"
      }
    },
    "node_modules/rollup": {
      "version": "3.26.2",
      "resolved": "https://registry.npmjs.org/rollup/-/rollup-3.26.2.tgz",
      "integrity": "sha512-6umBIGVz93er97pMgQO08LuH3m6PUb3jlDUUGFsNJB6VgTCUaDFpupf5JfU30529m/UKOgmiX+uY6Sx8cOYpLA==",
      "bin": {
        "rollup": "dist/bin/rollup"
      },
      "engines": {
        "node": ">=14.18.0",
        "npm": ">=8.0.0"
      },
      "optionalDependencies": {
        "fsevents": "~2.3.2"
      }
    },
    "node_modules/source-map-js": {
      "version": "1.0.2",
      "resolved": "https://registry.npmjs.org/source-map-js/-/source-map-js-1.0.2.tgz",
      "integrity": "sha512-R0XvVJ9WusLiqTCEiGCmICCMplcCkIwwR11mOSD9CR5u+IXYdiseeEuXCVAjS54zqwkLcPNnmU4OeJ6tUrWhDw==",
      "engines": {
        "node": ">=0.10.0"
      }
    },
    "node_modules/ts-custom-error": {
      "version": "3.3.1",
      "resolved": "https://registry.npmjs.org/ts-custom-error/-/ts-custom-error-3.3.1.tgz",
      "integrity": "sha512-5OX1tzOjxWEgsr/YEUWSuPrQ00deKLh6D7OTWcvNHm12/7QPyRh8SYpyWvA4IZv8H/+GQWQEh/kwo95Q9OVW1A==",
      "engines": {
        "node": ">=14.0.0"
      }
    },
    "node_modules/vite": {
      "version": "4.4.3",
      "resolved": "https://registry.npmjs.org/vite/-/vite-4.4.3.tgz",
      "integrity": "sha512-IMnXQXXWgLi5brBQx/4WzDxdzW0X3pjO4nqFJAuNvwKtxzAmPzFE1wszW3VDpAGQJm3RZkm/brzRdyGsnwgJIA==",
      "dependencies": {
        "esbuild": "^0.18.10",
        "postcss": "^8.4.25",
        "rollup": "^3.25.2"
      },
      "bin": {
        "vite": "bin/vite.js"
      },
      "engines": {
        "node": "^14.18.0 || >=16.0.0"
      },
      "funding": {
        "url": "https://github.com/vitejs/vite?sponsor=1"
      },
      "optionalDependencies": {
        "fsevents": "~2.3.2"
      },
      "peerDependencies": {
        "@types/node": ">= 14",
        "less": "*",
        "lightningcss": "^1.21.0",
        "sass": "*",
        "stylus": "*",
        "sugarss": "*",
        "terser": "^5.4.0"
      },
      "peerDependenciesMeta": {
        "@types/node": {
          "optional": true
        },
        "less": {
          "optional": true
        },
        "lightningcss": {
          "optional": true
        },
        "sass": {
          "optional": true
        },
        "stylus": {
          "optional": true
        },
        "sugarss": {
          "optional": true
        },
        "terser": {
          "optional": true
        }
      }
    }
  }
}
